# This file is automatically @generated by Cargo.
# It is not intended for manual editing.
version = 4

[[package]]
name = "m2-rust-contract"
version = "1.0.0"

[[package]]
name = "m2-rust-noise"
version = "1.0.0"

[[package]]
name = "tomorrowci-m2-rust-fixture"
version = "0.0.0"
dependencies = [
 "m2-rust-contract",
 "m2-rust-noise",
]
