{
  "name": "tomorrowci-m2-node-fixture",
  "version": "0.0.0",
  "lockfileVersion": 3,
  "requires": true,
  "packages": {
    "": {
      "name": "tomorrowci-m2-node-fixture",
      "version": "0.0.0",
      "dependencies": {
        "m2-node-contract": "file:vendor/contract-v1",
        "m2-node-noise": "file:vendor/noise-v1"
      }
    },
    "node_modules/m2-node-contract": {
      "resolved": "vendor/contract-v1",
      "link": true
    },
    "node_modules/m2-node-noise": {
      "resolved": "vendor/noise-v1",
      "link": true
    },
    "vendor/contract-v1": {
      "name": "m2-node-contract",
      "version": "1.0.0"
    },
    "vendor/noise-v1": {
      "name": "m2-node-noise",
      "version": "1.0.0"
    }
  }
}
